
Microsoft Visual Studio Solution File, Format Version 12.00
# Visual Studio 15
VisualStudioVersion = 15.0.26124.0
MinimumVisualStudioVersion = 15.0.26124.0
Project("{FAE04EC0-301F-11D3-BF4B-00C04F79EFBC}") = "ItemCollage", "ItemCollage\ItemCollage.csproj", "{4664508F-4821-4FBA-8291-1E15FD422428}"
EndProject
Project("{FAE04EC0-301F-11D3-BF4B-00C04F79EFBC}") = "LibItemCollage", "LibItemCollage\LibItemCollage.csproj", "{6902CD14-8B13-4105-8554-594B545FEDC7}"
EndProject
Project("{FAE04EC0-301F-11D3-BF4B-00C04F79EFBC}") = "Helpers", "Helpers\Helpers.csproj", "{C2D889C8-32EB-425E-B0CD-EE6C27CCB6F5}"
EndProject
Project("{FAE04EC0-301F-11D3-BF4B-00C04F79EFBC}") = "Test", "Test\Test.csproj", "{AFEA156B-9758-4E44-B533-8C96598EA07A}"
EndProject
Global
	GlobalSection(SolutionConfigurationPlatforms) = preSolution
		Debug|Any CPU = Debug|Any CPU
		Debug|x64 = Debug|x64
		Debug|x86 = Debug|x86
		Release|Any CPU = Release|Any CPU
		Release|x64 = Release|x64
		Release|x86 = Release|x86
	EndGlobalSection
	GlobalSection(SolutionProperties) = preSolution
		HideSolutionNode = FALSE
	EndGlobalSection
	GlobalSection(ProjectConfigurationPlatforms) = postSolution
		{4664508F-4821-4FBA-8291-1E15FD422428}.Debug|Any CPU.ActiveCfg = Debug|Any CPU
		{4664508F-4821-4FBA-8291-1E15FD422428}.Debug|Any CPU.Build.0 = Debug|Any CPU
		{4664508F-4821-4FBA-8291-1E15FD422428}.Debug|x64.ActiveCfg = Debug|Any CPU
		{4664508F-4821-4FBA-8291-1E15FD422428}.Debug|x64.Build.0 = Debug|Any CPU
		{4664508F-4821-4FBA-8291-1E15FD422428}.Debug|x86.ActiveCfg = Debug|Any CPU
		{4664508F-4821-4FBA-8291-1E15FD422428}.Debug|x86.Build.0 = Debug|Any CPU
		{4664508F-4821-4FBA-8291-1E15FD422428}.Release|Any CPU.ActiveCfg = Release|Any CPU
		{4664508F-4821-4FBA-8291-1E15FD422428}.Release|Any CPU.Build.0 = Release|Any CPU
		{4664508F-4821-4FBA-8291-1E15FD422428}.Release|x64.ActiveCfg = Release|Any CPU
		{4664508F-4821-4FBA-8291-1E15FD422428}.Release|x64.Build.0 = Release|Any CPU
		{4664508F-4821-4FBA-8291-1E15FD422428}.Release|x86.ActiveCfg = Release|Any CPU
		{4664508F-4821-4FBA-8291-1E15FD422428}.Release|x86.Build.0 = Release|Any CPU
		{6902CD14-8B13-4105-8554-594B545FEDC7}.Debug|Any CPU.ActiveCfg = Debug|Any CPU
		{6902CD14-8B13-4105-8554-594B545FEDC7}.Debug|Any CPU.Build.0 = Debug|Any CPU
		{6902CD14-8B13-4105-8554-594B545FEDC7}.Debug|x64.ActiveCfg = Debug|Any CPU
		{6902CD14-8B13-4105-8554-594B545FEDC7}.Debug|x64.Build.0 = Debug|Any CPU
		{6902CD14-8B13-4105-8554-594B545FEDC7}.Debug|x86.ActiveCfg = Debug|Any CPU
		{6902CD14-8B13-4105-8554-594B545FEDC7}.Debug|x86.Build.0 = Debug|Any CPU
		{6902CD14-8B13-4105-8554-594B545FEDC7}.Release|Any CPU.ActiveCfg = Release|Any CPU
		{6902CD14-8B13-4105-8554-594B545FEDC7}.Release|Any CPU.Build.0 = Release|Any CPU
		{6902CD14-8B13-4105-8554-594B545FEDC7}.Release|x64.ActiveCfg = Release|Any CPU
		{6902CD14-8B13-4105-8554-594B545FEDC7}.Release|x64.Build.0 = Release|Any CPU
		{6902CD14-8B13-4105-8554-594B545FEDC7}.Release|x86.ActiveCfg = Release|Any CPU
		{6902CD14-8B13-4105-8554-594B545FEDC7}.Release|x86.Build.0 = Release|Any CPU
		{C2D889C8-32EB-425E-B0CD-EE6C27CCB6F5}.Debug|Any CPU.ActiveCfg = Debug|Any CPU
		{C2D889C8-32EB-425E-B0CD-EE6C27CCB6F5}.Debug|Any CPU.Build.0 = Debug|Any CPU
		{C2D889C8-32EB-425E-B0CD-EE6C27CCB6F5}.Debug|x64.ActiveCfg = Debug|Any CPU
		{C2D889C8-32EB-425E-B0CD-EE6C27CCB6F5}.Debug|x64.Build.0 = Debug|Any CPU
		{C2D889C8-32EB-425E-B0CD-EE6C27CCB6F5}.Debug|x86.ActiveCfg = Debug|Any CPU
		{C2D889C8-32EB-425E-B0CD-EE6C27CCB6F5}.Debug|x86.Build.0 = Debug|Any CPU
		{C2D889C8-32EB-425E-B0CD-EE6C27CCB6F5}.Release|Any CPU.ActiveCfg = Release|Any CPU
		{C2D889C8-32EB-425E-B0CD-EE6C27CCB6F5}.Release|Any CPU.Build.0 = Release|Any CPU
		{C2D889C8-32EB-425E-B0CD-EE6C27CCB6F5}.Release|x64.ActiveCfg = Release|Any CPU
		{C2D889C8-32EB-425E-B0CD-EE6C27CCB6F5}.Release|x64.Build.0 = Release|Any CPU
		{C2D889C8-32EB-425E-B0CD-EE6C27CCB6F5}.Release|x86.ActiveCfg = Release|Any CPU
		{C2D889C8-32EB-425E-B0CD-EE6C27CCB6F5}.Release|x86.Build.0 = Release|Any CPU
		{AFEA156B-9758-4E44-B533-8C96598EA07A}.Debug|Any CPU.ActiveCfg = Debug|Any CPU
		{AFEA156B-9758-4E44-B533-8C96598EA07A}.Debug|Any CPU.Build.0 = Debug|Any CPU
		{AFEA156B-9758-4E44-B533-8C96598EA07A}.Debug|x64.ActiveCfg = Debug|Any CPU
		{AFEA156B-9758-4E44-B533-8C96598EA07A}.Debug|x64.Build.0 = Debug|Any CPU
		{AFEA156B-9758-4E44-B533-8C96598EA07A}.Debug|x86.ActiveCfg = Debug|Any CPU
		{AFEA156B-9758-4E44-B533-8C96598EA07A}.Debug|x86.Build.0 = Debug|Any CPU
		{AFEA156B-9758-4E44-B533-8C96598EA07A}.Release|Any CPU.ActiveCfg = Release|Any CPU
		{AFEA156B-9758-4E44-B533-8C96598EA07A}.Release|Any CPU.Build.0 = Release|Any CPU
		{AFEA156B-9758-4E44-B533-8C96598EA07A}.Release|x64.ActiveCfg = Release|Any CPU
		{AFEA156B-9758-4E44-B533-8C96598EA07A}.Release|x64.Build.0 = Release|Any CPU
		{AFEA156B-9758-4E44-B533-8C96598EA07A}.Release|x86.ActiveCfg = Release|Any CPU
		{AFEA156B-9758-4E44-B533-8C96598EA07A}.Release|x86.Build.0 = Release|Any CPU
	EndGlobalSection
EndGlobal
